// !$*UTF8*$!
{
	archiveVersion = 1;
	classes = {
	};
	objectVersion = 70;
	objects = {

/* Begin PBXContainerItemProxy section */
		725958082B88CF6C006F7B8C /* PBXContainerItemProxy */ = {
			isa = PBXContainerItemProxy;
			containerPortal = 725957EC2B88CF6B006F7B8C /* Project object */;
			proxyType = 1;
			remoteGlobalIDString = 725957F32B88CF6B006F7B8C;
			remoteInfo = ProjectX;
		};
		725958122B88CF6C006F7B8C /* PBXContainerItemProxy */ = {
			isa = PBXContainerItemProxy;
			containerPortal = 725957EC2B88CF6B006F7B8C /* Project object */;
			proxyType = 1;
			remoteGlobalIDString = 725957F32B88CF6B006F7B8C;
			remoteInfo = ProjectX;
		};
/* End PBXContainerItemProxy section */

/* Begin PBXCopyFilesBuildPhase section */
		725958682B88D020006F7B8C /* Embed Frameworks */ = {
			isa = PBXCopyFilesBuildPhase;
			buildActionMask = 2147483647;
			dstPath = "";
			dstSubfolderSpec = 10;
			files = (
			);
			name = "Embed Frameworks";
			runOnlyForDeploymentPostprocessing = 0;
		};
/* End PBXCopyFilesBuildPhase section */

/* Begin PBXFileReference section */
		722D0F742DF9C3C900529989 /* ProjectX.app */ = {isa = PBXFileReference; explicitFileType = wrapper.application; includeInIndex = 0; path = ProjectX.app; sourceTree = BUILT_PRODUCTS_DIR; };
		722D0F752DF9C3C900529989 /* ProjectXTests.xctest */ = {isa = PBXFileReference; explicitFileType = wrapper.cfbundle; includeInIndex = 0; path = ProjectXTests.xctest; sourceTree = BUILT_PRODUCTS_DIR; };
		722D0F762DF9C3C900529989 /* ProjectXUITests.xctest */ = {isa = PBXFileReference; explicitFileType = wrapper.cfbundle; includeInIndex = 0; path = ProjectXUITests.xctest; sourceTree = BUILT_PRODUCTS_DIR; };
/* End PBXFileReference section */

/* Begin PBXFileSystemSynchronizedBuildFileExceptionSet section */
		72F7DC012DFF0D2A00427391 /* PBXFileSystemSynchronizedBuildFileExceptionSet */ = {
			isa = PBXFileSystemSynchronizedBuildFileExceptionSet;
			membershipExceptions = (
				App/ProjectXApp.swift,
				"Data/Network/Alamofire/Alamofire+BaseRequest.swift",
				"Data/Network/Alamofire/Alamofire+BaseService.swift",
				"Data/Network/Alamofire/Alamofire+NetworkError.swift",
				"Data/Network/Alamofire/DataResponsePublisher+.swift",
				Data/Network/Base/APIError.swift,
				Data/Network/Base/APIErrorResponse.swift,
				Data/Network/Base/APIResponseProtocol.swift,
				Data/Network/Base/APIService.swift,
				Data/Network/Base/APITargetProtocol.swift,
				Data/Network/Base/ArrayResponse.swift,
				Data/Network/Base/Utilities/NetworkLogger.swift,
				Data/Network/Models/DeviceInfo.swift,
				Data/Network/Requests/DeviceInfoRequest.swift,
				Data/Network/Requests/RefreshTokenRequest.swift,
				Data/Network/Services/DeviceInfoService.swift,
				Data/Storage/Keychain/KeychainManager.swift,
				Data/Storage/LocalData/LocalDataManager.swift,
				"Data/Storage/UserDefaults/UserDefaults+.swift",
				Data/Storage/UserDefaults/UserDefaultsManager.swift,
				Presentation/DesignSystem/Components/Button/DSButton.swift,
				Presentation/DesignSystem/Components/Button/DSButtonConfiguration.swift,
				Presentation/DesignSystem/Components/Button/DSButtonStyle.swift,
				Presentation/DesignSystem/Components/Button/DSButtonStyleVariants.swift,
				Presentation/DesignSystem/Components/Dialog/DSDialog.swift,
				Presentation/DesignSystem/Components/Dialog/DSDialogStyle.swift,
				Presentation/DesignSystem/Components/Drawer/DSDrawer.swift,
				Presentation/DesignSystem/Components/Image/DSAsyncImage.swift,
				Presentation/DesignSystem/Components/Text/DSText.swift,
				Presentation/DesignSystem/Components/TextField/DSTextField.swift,
				Presentation/DesignSystem/Components/TextField/DSTextFieldType.swift,
				Presentation/DesignSystem/Styles/DSColor.swift,
				Presentation/DesignSystem/Styles/DSFont.swift,
				Presentation/DesignSystem/Styles/DSIcon.swift,
				Presentation/DesignSystem/Styles/DSMetrics.swift,
				Presentation/Features/Bases/BaseViewModel.swift,
				Presentation/Features/DemoComponents/Button/ButtonView.swift,
				Presentation/Features/DemoComponents/Dialog/DialogView.swift,
				Presentation/Features/DemoComponents/Text/TextView.swift,
				Presentation/Features/DemoComponents/TextField/TextFieldView.swift,
				Presentation/Features/DemoRequest/DemoRequestView.swift,
				Presentation/Features/DemoRequest/DemoRequestViewModel.swift,
				Presentation/Features/FeaturesView.swift,
				Presentation/Features/FeaturesViewModel.swift,
				Presentation/Routing/Route.swift,
				Presentation/Routing/Router.swift,
				Presentation/Routing/RouterView.swift,
				Resources/Assets.xcassets,
				Resources/DSColors.xcassets,
				Resources/DSIcons.xcassets,
				"Resources/Fonts/MPLUSRounded1c-Bold.ttf",
				"Resources/Fonts/MPLUSRounded1c-Medium.ttf",
				"Resources/Fonts/MPLUSRounded1c-Regular.ttf",
				"Resources/Preview Content/Preview Assets.xcassets",
				"Shared /Configuration/NetworkConfiguration.swift",
				"Shared /DI/ViewModelFactory.swift",
				"Shared /Extensions/Foundation/Date.swift",
				"Shared /Extensions/Foundation/Encodable.swift",
				"Shared /Extensions/Foundation/String.swift",
				"Shared /Extensions/SwiftUI/Color.swift",
				"Shared /Extensions/SwiftUI/EnvironmentValues.swift",
				"Shared /Extensions/SwiftUI/NavigationLink.swift",
				"Shared /Extensions/SwiftUI/View.swift",
				"Shared /Localization/Localized/Keys/Common.swift",
				"Shared /Localization/Localized/Keys/Message.swift",
				"Shared /Localization/Localized/Keys/Setting.swift",
				"Shared /Localization/Localized/Localizable.xcstrings",
				"Shared /Localization/Localized/Localized.swift",
				"Shared /Utilities/LanguageManager.swift",
				"Shared /Utilities/Logger.swift",
				"Shared /Utilities/ThemeManager.swift",
			);
			target = 725957F32B88CF6B006F7B8C /* ProjectX */;
		};
/* End PBXFileSystemSynchronizedBuildFileExceptionSet section */

/* Begin PBXFileSystemSynchronizedRootGroup section */
		727AF2BC2DF9C2D10053772C /* ProjectXTests */ = {isa = PBXFileSystemSynchronizedRootGroup; explicitFileTypes = {}; explicitFolders = (); path = ProjectXTests; sourceTree = "<group>"; };
		727AF4042DF9C3210053772C /* ProjectXUITests */ = {isa = PBXFileSystemSynchronizedRootGroup; explicitFileTypes = {}; explicitFolders = (); path = ProjectXUITests; sourceTree = "<group>"; };
		72F7DBC22DFF0D2A00427391 /* ProjectX */ = {isa = PBXFileSystemSynchronizedRootGroup; exceptions = (72F7DC012DFF0D2A00427391 /* PBXFileSystemSynchronizedBuildFileExceptionSet */, ); explicitFileTypes = {}; explicitFolders = (); path = ProjectX; sourceTree = "<group>"; };
/* End PBXFileSystemSynchronizedRootGroup section */

/* Begin PBXFrameworksBuildPhase section */
		725957F12B88CF6B006F7B8C /* Frameworks */ = {
			isa = PBXFrameworksBuildPhase;
			buildActionMask = 2147483647;
			files = (
			);
			runOnlyForDeploymentPostprocessing = 0;
		};
		725958042B88CF6C006F7B8C /* Frameworks */ = {
			isa = PBXFrameworksBuildPhase;
			buildActionMask = 2147483647;
			files = (
			);
			runOnlyForDeploymentPostprocessing = 0;
		};
		7259580E2B88CF6C006F7B8C /* Frameworks */ = {
			isa = PBXFrameworksBuildPhase;
			buildActionMask = 2147483647;
			files = (
			);
			runOnlyForDeploymentPostprocessing = 0;
		};
/* End PBXFrameworksBuildPhase section */

/* Begin PBXGroup section */
		725957EB2B88CF6B006F7B8C = {
			isa = PBXGroup;
			children = (
				72F7DBC22DFF0D2A00427391 /* ProjectX */,
				727AF2BC2DF9C2D10053772C /* ProjectXTests */,
				727AF4042DF9C3210053772C /* ProjectXUITests */,
				722D0F742DF9C3C900529989 /* ProjectX.app */,
				722D0F752DF9C3C900529989 /* ProjectXTests.xctest */,
				722D0F762DF9C3C900529989 /* ProjectXUITests.xctest */,
			);
			sourceTree = "<group>";
		};
/* End PBXGroup section */

/* Begin PBXNativeTarget section */
		725957F32B88CF6B006F7B8C /* ProjectX */ = {
			isa = PBXNativeTarget;
			buildConfigurationList = 7259581B2B88CF6C006F7B8C /* Build configuration list for PBXNativeTarget "ProjectX" */;
			buildPhases = (
				725957F02B88CF6B006F7B8C /* Sources */,
				725957F12B88CF6B006F7B8C /* Frameworks */,
				725957F22B88CF6B006F7B8C /* Resources */,
				725958682B88D020006F7B8C /* Embed Frameworks */,
			);
			buildRules = (
			);
			dependencies = (
			);
			name = ProjectX;
			productName = ProjectX;
			productReference = 722D0F742DF9C3C900529989 /* ProjectX.app */;
			productType = "com.apple.product-type.application";
		};
		725958062B88CF6C006F7B8C /* ProjectXTests */ = {
			isa = PBXNativeTarget;
			buildConfigurationList = 7259581E2B88CF6C006F7B8C /* Build configuration list for PBXNativeTarget "ProjectXTests" */;
			buildPhases = (
				725958032B88CF6C006F7B8C /* Sources */,
				725958042B88CF6C006F7B8C /* Frameworks */,
				725958052B88CF6C006F7B8C /* Resources */,
			);
			buildRules = (
			);
			dependencies = (
				725958092B88CF6C006F7B8C /* PBXTargetDependency */,
			);
			fileSystemSynchronizedGroups = (
				727AF2BC2DF9C2D10053772C /* ProjectXTests */,
			);
			name = ProjectXTests;
			productName = ProjectXTests;
			productReference = 722D0F752DF9C3C900529989 /* ProjectXTests.xctest */;
			productType = "com.apple.product-type.bundle.unit-test";
		};
		725958102B88CF6C006F7B8C /* ProjectXUITests */ = {
			isa = PBXNativeTarget;
			buildConfigurationList = 725958212B88CF6C006F7B8C /* Build configuration list for PBXNativeTarget "ProjectXUITests" */;
			buildPhases = (
				7259580D2B88CF6C006F7B8C /* Sources */,
				7259580E2B88CF6C006F7B8C /* Frameworks */,
				7259580F2B88CF6C006F7B8C /* Resources */,
			);
			buildRules = (
			);
			dependencies = (
				725958132B88CF6C006F7B8C /* PBXTargetDependency */,
			);
			fileSystemSynchronizedGroups = (
				727AF4042DF9C3210053772C /* ProjectXUITests */,
			);
			name = ProjectXUITests;
			productName = ProjectXUITests;
			productReference = 722D0F762DF9C3C900529989 /* ProjectXUITests.xctest */;
			productType = "com.apple.product-type.bundle.ui-testing";
		};
/* End PBXNativeTarget section */

/* Begin PBXProject section */
		725957EC2B88CF6B006F7B8C /* Project object */ = {
			isa = PBXProject;
			attributes = {
				BuildIndependentTargetsInParallel = 1;
				LastSwiftUpdateCheck = 1510;
				LastUpgradeCheck = 2600;
				TargetAttributes = {
					725957F32B88CF6B006F7B8C = {
						CreatedOnToolsVersion = 15.1;
					};
					725958062B88CF6C006F7B8C = {
						CreatedOnToolsVersion = 15.1;
						TestTargetID = 725957F32B88CF6B006F7B8C;
					};
					725958102B88CF6C006F7B8C = {
						CreatedOnToolsVersion = 15.1;
						TestTargetID = 725957F32B88CF6B006F7B8C;
					};
				};
			};
			buildConfigurationList = 725957EF2B88CF6B006F7B8C /* Build configuration list for PBXProject "ProjectX" */;
			compatibilityVersion = "Xcode 14.0";
			developmentRegion = en;
			hasScannedForEncodings = 0;
			knownRegions = (
				en,
				Base,
				fr,
				vi,
			);
			mainGroup = 725957EB2B88CF6B006F7B8C;
			packageReferences = (
			);
			productRefGroup = 725957EB2B88CF6B006F7B8C;
			projectDirPath = "";
			projectRoot = "";
			targets = (
				725957F32B88CF6B006F7B8C /* ProjectX */,
				725958062B88CF6C006F7B8C /* ProjectXTests */,
				725958102B88CF6C006F7B8C /* ProjectXUITests */,
			);
		};
/* End PBXProject section */

/* Begin PBXResourcesBuildPhase section */
		725957F22B88CF6B006F7B8C /* Resources */ = {
			isa = PBXResourcesBuildPhase;
			buildActionMask = 2147483647;
			files = (
			);
			runOnlyForDeploymentPostprocessing = 0;
		};
		725958052B88CF6C006F7B8C /* Resources */ = {
			isa = PBXResourcesBuildPhase;
			buildActionMask = 2147483647;
			files = (
			);
			runOnlyForDeploymentPostprocessing = 0;
		};
		7259580F2B88CF6C006F7B8C /* Resources */ = {
			isa = PBXResourcesBuildPhase;
			buildActionMask = 2147483647;
			files = (
			);
			runOnlyForDeploymentPostprocessing = 0;
		};
/* End PBXResourcesBuildPhase section */

/* Begin PBXSourcesBuildPhase section */
		725957F02B88CF6B006F7B8C /* Sources */ = {
			isa = PBXSourcesBuildPhase;
			buildActionMask = 2147483647;
			files = (
			);
			runOnlyForDeploymentPostprocessing = 0;
		};
		725958032B88CF6C006F7B8C /* Sources */ = {
			isa = PBXSourcesBuildPhase;
			buildActionMask = 2147483647;
			files = (
			);
			runOnlyForDeploymentPostprocessing = 0;
		};
		7259580D2B88CF6C006F7B8C /* Sources */ = {
			isa = PBXSourcesBuildPhase;
			buildActionMask = 2147483647;
			files = (
			);
			runOnlyForDeploymentPostprocessing = 0;
		};
/* End PBXSourcesBuildPhase section */

/* Begin PBXTargetDependency section */
		725958092B88CF6C006F7B8C /* PBXTargetDependency */ = {
			isa = PBXTargetDependency;
			target = 725957F32B88CF6B006F7B8C /* ProjectX */;
			targetProxy = 725958082B88CF6C006F7B8C /* PBXContainerItemProxy */;
		};
		725958132B88CF6C006F7B8C /* PBXTargetDependency */ = {
			isa = PBXTargetDependency;
			target = 725957F32B88CF6B006F7B8C /* ProjectX */;
			targetProxy = 725958122B88CF6C006F7B8C /* PBXContainerItemProxy */;
		};
/* End PBXTargetDependency section */

/* Begin XCBuildConfiguration section */
		725958192B88CF6C006F7B8C /* Debug */ = {
			isa = XCBuildConfiguration;
			buildSettings = {
				ALWAYS_SEARCH_USER_PATHS = NO;
				ASSETCATALOG_COMPILER_GENERATE_SWIFT_ASSET_SYMBOL_EXTENSIONS = YES;
				CLANG_ANALYZER_LOCALIZABILITY_NONLOCALIZED = YES;
				CLANG_ANALYZER_NONNULL = YES;
				CLANG_ANALYZER_NUMBER_OBJECT_CONVERSION = YES_AGGRESSIVE;
				CLANG_CXX_LANGUAGE_STANDARD = "gnu++20";
				CLANG_ENABLE_MODULES = YES;
				CLANG_ENABLE_OBJC_ARC = YES;
				CLANG_ENABLE_OBJC_WEAK = YES;
				CLANG_WARN_BLOCK_CAPTURE_AUTORELEASING = YES;
				CLANG_WARN_BOOL_CONVERSION = YES;
				CLANG_WARN_COMMA = YES;
				CLANG_WARN_CONSTANT_CONVERSION = YES;
				CLANG_WARN_DEPRECATED_OBJC_IMPLEMENTATIONS = YES;
				CLANG_WARN_DIRECT_OBJC_ISA_USAGE = YES_ERROR;
				CLANG_WARN_DOCUMENTATION_COMMENTS = YES;
				CLANG_WARN_EMPTY_BODY = YES;
				CLANG_WARN_ENUM_CONVERSION = YES;
				CLANG_WARN_INFINITE_RECURSION = YES;
				CLANG_WARN_INT_CONVERSION = YES;
				CLANG_WARN_NON_LITERAL_NULL_CONVERSION = YES;
				CLANG_WARN_OBJC_IMPLICIT_RETAIN_SELF = YES;
				CLANG_WARN_OBJC_LITERAL_CONVERSION = YES;
				CLANG_WARN_OBJC_ROOT_CLASS = YES_ERROR;
				CLANG_WARN_QUOTED_INCLUDE_IN_FRAMEWORK_HEADER = YES;
				CLANG_WARN_RANGE_LOOP_ANALYSIS = YES;
				CLANG_WARN_STRICT_PROTOTYPES = YES;
				CLANG_WARN_SUSPICIOUS_MOVE = YES;
				CLANG_WARN_UNGUARDED_AVAILABILITY = YES_AGGRESSIVE;
				CLANG_WARN_UNREACHABLE_CODE = YES;
				CLANG_WARN__DUPLICATE_METHOD_MATCH = YES;
				COPY_PHASE_STRIP = NO;
				DEAD_CODE_STRIPPING = YES;
				DEBUG_INFORMATION_FORMAT = dwarf;
				DEVELOPMENT_TEAM = L257DXJNY8;
				ENABLE_STRICT_OBJC_MSGSEND = YES;
				ENABLE_TESTABILITY = YES;
				ENABLE_USER_SCRIPT_SANDBOXING = YES;
				GCC_C_LANGUAGE_STANDARD = gnu17;
				GCC_DYNAMIC_NO_PIC = NO;
				GCC_NO_COMMON_BLOCKS = YES;
				GCC_OPTIMIZATION_LEVEL = 0;
				GCC_PREPROCESSOR_DEFINITIONS = (
					"DEBUG=1",
					"$(inherited)",
				);
				GCC_WARN_64_TO_32_BIT_CONVERSION = YES;
				GCC_WARN_ABOUT_RETURN_TYPE = YES_ERROR;
				GCC_WARN_UNDECLARED_SELECTOR = YES;
				GCC_WARN_UNINITIALIZED_AUTOS = YES_AGGRESSIVE;
				GCC_WARN_UNUSED_FUNCTION = YES;
				GCC_WARN_UNUSED_VARIABLE = YES;
				LOCALIZATION_PREFERS_STRING_CATALOGS = YES;
				MTL_ENABLE_DEBUG_INFO = INCLUDE_SOURCE;
				MTL_FAST_MATH = YES;
				ONLY_ACTIVE_ARCH = YES;
				STRING_CATALOG_GENERATE_SYMBOLS = YES;
				SWIFT_ACTIVE_COMPILATION_CONDITIONS = "DEBUG $(inherited)";
				SWIFT_OPTIMIZATION_LEVEL = "-Onone";
			};
			name = Debug;
		};
		7259581A2B88CF6C006F7B8C /* Release */ = {
			isa = XCBuildConfiguration;
			buildSettings = {
				ALWAYS_SEARCH_USER_PATHS = NO;
				ASSETCATALOG_COMPILER_GENERATE_SWIFT_ASSET_SYMBOL_EXTENSIONS = YES;
				CLANG_ANALYZER_LOCALIZABILITY_NONLOCALIZED = YES;
				CLANG_ANALYZER_NONNULL = YES;
				CLANG_ANALYZER_NUMBER_OBJECT_CONVERSION = YES_AGGRESSIVE;
				CLANG_CXX_LANGUAGE_STANDARD = "gnu++20";
				CLANG_ENABLE_MODULES = YES;
				CLANG_ENABLE_OBJC_ARC = YES;
				CLANG_ENABLE_OBJC_WEAK = YES;
				CLANG_WARN_BLOCK_CAPTURE_AUTORELEASING = YES;
				CLANG_WARN_BOOL_CONVERSION = YES;
				CLANG_WARN_COMMA = YES;
				CLANG_WARN_CONSTANT_CONVERSION = YES;
				CLANG_WARN_DEPRECATED_OBJC_IMPLEMENTATIONS = YES;
				CLANG_WARN_DIRECT_OBJC_ISA_USAGE = YES_ERROR;
				CLANG_WARN_DOCUMENTATION_COMMENTS = YES;
				CLANG_WARN_EMPTY_BODY = YES;
				CLANG_WARN_ENUM_CONVERSION = YES;
				CLANG_WARN_INFINITE_RECURSION = YES;
				CLANG_WARN_INT_CONVERSION = YES;
				CLANG_WARN_NON_LITERAL_NULL_CONVERSION = YES;
				CLANG_WARN_OBJC_IMPLICIT_RETAIN_SELF = YES;
				CLANG_WARN_OBJC_LITERAL_CONVERSION = YES;
				CLANG_WARN_OBJC_ROOT_CLASS = YES_ERROR;
				CLANG_WARN_QUOTED_INCLUDE_IN_FRAMEWORK_HEADER = YES;
				CLANG_WARN_RANGE_LOOP_ANALYSIS = YES;
				CLANG_WARN_STRICT_PROTOTYPES = YES;
				CLANG_WARN_SUSPICIOUS_MOVE = YES;
				CLANG_WARN_UNGUARDED_AVAILABILITY = YES_AGGRESSIVE;
				CLANG_WARN_UNREACHABLE_CODE = YES;
				CLANG_WARN__DUPLICATE_METHOD_MATCH = YES;
				COPY_PHASE_STRIP = NO;
				DEAD_CODE_STRIPPING = YES;
				DEBUG_INFORMATION_FORMAT = "dwarf-with-dsym";
				DEVELOPMENT_TEAM = L257DXJNY8;
				ENABLE_NS_ASSERTIONS = NO;
				ENABLE_STRICT_OBJC_MSGSEND = YES;
				ENABLE_USER_SCRIPT_SANDBOXING = YES;
				GCC_C_LANGUAGE_STANDARD = gnu17;
				GCC_NO_COMMON_BLOCKS = YES;
				GCC_WARN_64_TO_32_BIT_CONVERSION = YES;
				GCC_WARN_ABOUT_RETURN_TYPE = YES_ERROR;
				GCC_WARN_UNDECLARED_SELECTOR = YES;
				GCC_WARN_UNINITIALIZED_AUTOS = YES_AGGRESSIVE;
				GCC_WARN_UNUSED_FUNCTION = YES;
				GCC_WARN_UNUSED_VARIABLE = YES;
				LOCALIZATION_PREFERS_STRING_CATALOGS = YES;
				MTL_ENABLE_DEBUG_INFO = NO;
				MTL_FAST_MATH = YES;
				STRING_CATALOG_GENERATE_SYMBOLS = YES;
				SWIFT_COMPILATION_MODE = wholemodule;
			};
			name = Release;
		};
		7259581C2B88CF6C006F7B8C /* Debug */ = {
			isa = XCBuildConfiguration;
			buildSettings = {
				ASSETCATALOG_COMPILER_APPICON_NAME = AppIcon;
				ASSETCATALOG_COMPILER_GLOBAL_ACCENT_COLOR_NAME = AccentColor;
				CODE_SIGN_ENTITLEMENTS = ProjectX/App/ProjectX.entitlements;
				CODE_SIGN_STYLE = Automatic;
				CURRENT_PROJECT_VERSION = 1;
				DEAD_CODE_STRIPPING = YES;
				DEVELOPMENT_ASSET_PATHS = "\"ProjectX/Resources/Preview Content\"";
				DEVELOPMENT_TEAM = L257DXJNY8;
				ENABLE_APP_SANDBOX = YES;
				ENABLE_HARDENED_RUNTIME = YES;
				ENABLE_PREVIEWS = YES;
				ENABLE_USER_SELECTED_FILES = readonly;
				GENERATE_INFOPLIST_FILE = YES;
				INFOPLIST_FILE = ProjectX/Resources/Info.plist;
				"INFOPLIST_KEY_UIApplicationSceneManifest_Generation[sdk=iphoneos*]" = YES;
				"INFOPLIST_KEY_UIApplicationSceneManifest_Generation[sdk=iphonesimulator*]" = YES;
				"INFOPLIST_KEY_UIApplicationSupportsIndirectInputEvents[sdk=iphoneos*]" = YES;
				"INFOPLIST_KEY_UIApplicationSupportsIndirectInputEvents[sdk=iphonesimulator*]" = YES;
				"INFOPLIST_KEY_UILaunchScreen_Generation[sdk=iphoneos*]" = YES;
				"INFOPLIST_KEY_UILaunchScreen_Generation[sdk=iphonesimulator*]" = YES;
				"INFOPLIST_KEY_UIStatusBarStyle[sdk=iphoneos*]" = UIStatusBarStyleDefault;
				"INFOPLIST_KEY_UIStatusBarStyle[sdk=iphonesimulator*]" = UIStatusBarStyleDefault;
				INFOPLIST_KEY_UISupportedInterfaceOrientations_iPad = "UIInterfaceOrientationPortrait UIInterfaceOrientationPortraitUpsideDown UIInterfaceOrientationLandscapeLeft UIInterfaceOrientationLandscapeRight";
				INFOPLIST_KEY_UISupportedInterfaceOrientations_iPhone = "UIInterfaceOrientationPortrait UIInterfaceOrientationLandscapeLeft UIInterfaceOrientationLandscapeRight";
				IPHONEOS_DEPLOYMENT_TARGET = 17;
				LD_RUNPATH_SEARCH_PATHS = "@executable_path/Frameworks";
				"LD_RUNPATH_SEARCH_PATHS[sdk=macosx*]" = "@executable_path/../Frameworks";
				MACOSX_DEPLOYMENT_TARGET = 14.0;
				MARKETING_VERSION = 1.0;
				PRODUCT_BUNDLE_IDENTIFIER = com.hieplee.ProjectX;
				PRODUCT_NAME = "$(TARGET_NAME)";
				SDKROOT = auto;
				SUPPORTED_PLATFORMS = "iphoneos iphonesimulator";
				SUPPORTS_MACCATALYST = YES;
				SUPPORTS_MAC_DESIGNED_FOR_IPHONE_IPAD = NO;
				SWIFT_EMIT_LOC_STRINGS = YES;
				SWIFT_VERSION = 5.0;
				TARGETED_DEVICE_FAMILY = "1,2";
			};
			name = Debug;
		};
		7259581D2B88CF6C006F7B8C /* Release */ = {
			isa = XCBuildConfiguration;
			buildSettings = {
				ASSETCATALOG_COMPILER_APPICON_NAME = AppIcon;
				ASSETCATALOG_COMPILER_GLOBAL_ACCENT_COLOR_NAME = AccentColor;
				CODE_SIGN_ENTITLEMENTS = ProjectX/App/ProjectX.entitlements;
				CODE_SIGN_STYLE = Automatic;
				CURRENT_PROJECT_VERSION = 1;
				DEAD_CODE_STRIPPING = YES;
				DEVELOPMENT_ASSET_PATHS = "\"ProjectX/Resources/Preview Content\"";
				DEVELOPMENT_TEAM = L257DXJNY8;
				ENABLE_APP_SANDBOX = YES;
				ENABLE_HARDENED_RUNTIME = YES;
				ENABLE_PREVIEWS = YES;
				ENABLE_USER_SELECTED_FILES = readonly;
				GENERATE_INFOPLIST_FILE = YES;
				INFOPLIST_FILE = ProjectX/Resources/Info.plist;
				"INFOPLIST_KEY_UIApplicationSceneManifest_Generation[sdk=iphoneos*]" = YES;
				"INFOPLIST_KEY_UIApplicationSceneManifest_Generation[sdk=iphonesimulator*]" = YES;
				"INFOPLIST_KEY_UIApplicationSupportsIndirectInputEvents[sdk=iphoneos*]" = YES;
				"INFOPLIST_KEY_UIApplicationSupportsIndirectInputEvents[sdk=iphonesimulator*]" = YES;
				"INFOPLIST_KEY_UILaunchScreen_Generation[sdk=iphoneos*]" = YES;
				"INFOPLIST_KEY_UILaunchScreen_Generation[sdk=iphonesimulator*]" = YES;
				"INFOPLIST_KEY_UIStatusBarStyle[sdk=iphoneos*]" = UIStatusBarStyleDefault;
				"INFOPLIST_KEY_UIStatusBarStyle[sdk=iphonesimulator*]" = UIStatusBarStyleDefault;
				INFOPLIST_KEY_UISupportedInterfaceOrientations_iPad = "UIInterfaceOrientationPortrait UIInterfaceOrientationPortraitUpsideDown UIInterfaceOrientationLandscapeLeft UIInterfaceOrientationLandscapeRight";
				INFOPLIST_KEY_UISupportedInterfaceOrientations_iPhone = "UIInterfaceOrientationPortrait UIInterfaceOrientationLandscapeLeft UIInterfaceOrientationLandscapeRight";
				IPHONEOS_DEPLOYMENT_TARGET = 17;
				LD_RUNPATH_SEARCH_PATHS = "@executable_path/Frameworks";
				"LD_RUNPATH_SEARCH_PATHS[sdk=macosx*]" = "@executable_path/../Frameworks";
				MACOSX_DEPLOYMENT_TARGET = 14.0;
				MARKETING_VERSION = 1.0;
				PRODUCT_BUNDLE_IDENTIFIER = com.hieplee.ProjectX;
				PRODUCT_NAME = "$(TARGET_NAME)";
				SDKROOT = auto;
				SUPPORTED_PLATFORMS = "iphoneos iphonesimulator";
				SUPPORTS_MACCATALYST = YES;
				SUPPORTS_MAC_DESIGNED_FOR_IPHONE_IPAD = NO;
				SWIFT_EMIT_LOC_STRINGS = YES;
				SWIFT_VERSION = 5.0;
				TARGETED_DEVICE_FAMILY = "1,2";
			};
			name = Release;
		};
		7259581F2B88CF6C006F7B8C /* Debug */ = {
			isa = XCBuildConfiguration;
			buildSettings = {
				BUNDLE_LOADER = "$(TEST_HOST)";
				CODE_SIGN_STYLE = Automatic;
				CURRENT_PROJECT_VERSION = 1;
				DEAD_CODE_STRIPPING = YES;
				GENERATE_INFOPLIST_FILE = YES;
				IPHONEOS_DEPLOYMENT_TARGET = 17.2;
				MACOSX_DEPLOYMENT_TARGET = 14.2;
				MARKETING_VERSION = 1.0;
				PRODUCT_BUNDLE_IDENTIFIER = com.hieplee.ProjectXTests;
				PRODUCT_NAME = "$(TARGET_NAME)";
				SDKROOT = auto;
				SUPPORTED_PLATFORMS = "iphoneos iphonesimulator macosx";
				SWIFT_EMIT_LOC_STRINGS = NO;
				SWIFT_VERSION = 5.0;
				TARGETED_DEVICE_FAMILY = "1,2";
				TEST_HOST = "$(BUILT_PRODUCTS_DIR)/ProjectX.app/$(BUNDLE_EXECUTABLE_FOLDER_PATH)/ProjectX";
			};
			name = Debug;
		};
		725958202B88CF6C006F7B8C /* Release */ = {
			isa = XCBuildConfiguration;
			buildSettings = {
				BUNDLE_LOADER = "$(TEST_HOST)";
				CODE_SIGN_STYLE = Automatic;
				CURRENT_PROJECT_VERSION = 1;
				DEAD_CODE_STRIPPING = YES;
				GENERATE_INFOPLIST_FILE = YES;
				IPHONEOS_DEPLOYMENT_TARGET = 17.2;
				MACOSX_DEPLOYMENT_TARGET = 14.2;
				MARKETING_VERSION = 1.0;
				PRODUCT_BUNDLE_IDENTIFIER = com.hieplee.ProjectXTests;
				PRODUCT_NAME = "$(TARGET_NAME)";
				SDKROOT = auto;
				SUPPORTED_PLATFORMS = "iphoneos iphonesimulator macosx";
				SWIFT_EMIT_LOC_STRINGS = NO;
				SWIFT_VERSION = 5.0;
				TARGETED_DEVICE_FAMILY = "1,2";
				TEST_HOST = "$(BUILT_PRODUCTS_DIR)/ProjectX.app/$(BUNDLE_EXECUTABLE_FOLDER_PATH)/ProjectX";
			};
			name = Release;
		};
		725958222B88CF6C006F7B8C /* Debug */ = {
			isa = XCBuildConfiguration;
			buildSettings = {
				CODE_SIGN_STYLE = Automatic;
				CURRENT_PROJECT_VERSION = 1;
				DEAD_CODE_STRIPPING = YES;
				GENERATE_INFOPLIST_FILE = YES;
				IPHONEOS_DEPLOYMENT_TARGET = 17.2;
				MACOSX_DEPLOYMENT_TARGET = 14.2;
				MARKETING_VERSION = 1.0;
				PRODUCT_BUNDLE_IDENTIFIER = com.hieplee.ProjectXUITests;
				PRODUCT_NAME = "$(TARGET_NAME)";
				SDKROOT = auto;
				SUPPORTED_PLATFORMS = "iphoneos iphonesimulator macosx";
				SWIFT_EMIT_LOC_STRINGS = NO;
				SWIFT_VERSION = 5.0;
				TARGETED_DEVICE_FAMILY = "1,2";
				TEST_TARGET_NAME = ProjectX;
			};
			name = Debug;
		};
		725958232B88CF6C006F7B8C /* Release */ = {
			isa = XCBuildConfiguration;
			buildSettings = {
				CODE_SIGN_STYLE = Automatic;
				CURRENT_PROJECT_VERSION = 1;
				DEAD_CODE_STRIPPING = YES;
				GENERATE_INFOPLIST_FILE = YES;
				IPHONEOS_DEPLOYMENT_TARGET = 17.2;
				MACOSX_DEPLOYMENT_TARGET = 14.2;
				MARKETING_VERSION = 1.0;
				PRODUCT_BUNDLE_IDENTIFIER = com.hieplee.ProjectXUITests;
				PRODUCT_NAME = "$(TARGET_NAME)";
				SDKROOT = auto;
				SUPPORTED_PLATFORMS = "iphoneos iphonesimulator macosx";
				SWIFT_EMIT_LOC_STRINGS = NO;
				SWIFT_VERSION = 5.0;
				TARGETED_DEVICE_FAMILY = "1,2";
				TEST_TARGET_NAME = ProjectX;
			};
			name = Release;
		};
/* End XCBuildConfiguration section */

/* Begin XCConfigurationList section */
		725957EF2B88CF6B006F7B8C /* Build configuration list for PBXProject "ProjectX" */ = {
			isa = XCConfigurationList;
			buildConfigurations = (
				725958192B88CF6C006F7B8C /* Debug */,
				7259581A2B88CF6C006F7B8C /* Release */,
			);
			defaultConfigurationIsVisible = 0;
			defaultConfigurationName = Release;
		};
		7259581B2B88CF6C006F7B8C /* Build configuration list for PBXNativeTarget "ProjectX" */ = {
			isa = XCConfigurationList;
			buildConfigurations = (
				7259581C2B88CF6C006F7B8C /* Debug */,
				7259581D2B88CF6C006F7B8C /* Release */,
			);
			defaultConfigurationIsVisible = 0;
			defaultConfigurationName = Release;
		};
		7259581E2B88CF6C006F7B8C /* Build configuration list for PBXNativeTarget "ProjectXTests" */ = {
			isa = XCConfigurationList;
			buildConfigurations = (
				7259581F2B88CF6C006F7B8C /* Debug */,
				725958202B88CF6C006F7B8C /* Release */,
			);
			defaultConfigurationIsVisible = 0;
			defaultConfigurationName = Release;
		};
		725958212B88CF6C006F7B8C /* Build configuration list for PBXNativeTarget "ProjectXUITests" */ = {
			isa = XCConfigurationList;
			buildConfigurations = (
				725958222B88CF6C006F7B8C /* Debug */,
				725958232B88CF6C006F7B8C /* Release */,
			);
			defaultConfigurationIsVisible = 0;
			defaultConfigurationName = Release;
		};
/* End XCConfigurationList section */
	};
	rootObject = 725957EC2B88CF6B006F7B8C /* Project object */;
}
