// !$*UTF8*$!
{
	archiveVersion = 1;
	classes = {
	};
	objectVersion = 56;
	objects = {

/* Begin PBXBuildFile section */
		721842982BC8E525003F402E /* DSButtonType.swift in Sources */ = {isa = PBXBuildFile; fileRef = 721842972BC8E525003F402E /* DSButtonType.swift */; };
		7218429C2BCC2C37003F402E /* DSFont.swift in Sources */ = {isa = PBXBuildFile; fileRef = 7218429B2BCC2C37003F402E /* DSFont.swift */; };
		721842C12BCCCD43003F402E /* DSIcons.xcassets in Resources */ = {isa = PBXBuildFile; fileRef = 721842C02BCCCD43003F402E /* DSIcons.xcassets */; };
		721842C32BCCCD6F003F402E /* DSIcon.swift in Sources */ = {isa = PBXBuildFile; fileRef = 721842C22BCCCD6F003F402E /* DSIcon.swift */; };
		72531AEC2BA6F713007654B7 /* DSButtonStyle.swift in Sources */ = {isa = PBXBuildFile; fileRef = 72531AEB2BA6F713007654B7 /* DSButtonStyle.swift */; };
		72766FAA2BC6809D00F8290F /* DSColor.swift in Sources */ = {isa = PBXBuildFile; fileRef = 72766FA92BC6809D00F8290F /* DSColor.swift */; };
		728E55A42BD789D800193806 /* DSDialog.swift in Sources */ = {isa = PBXBuildFile; fileRef = 728E55A32BD789D800193806 /* DSDialog.swift */; };
		72A5E82E2BA6EEF000C57E7A /* UIComponents.h in Headers */ = {isa = PBXBuildFile; fileRef = 72A5E82D2BA6EEF000C57E7A /* UIComponents.h */; settings = {ATTRIBUTES = (Public, ); }; };
		72A5E84C2BA6EF6A00C57E7A /* DSButton.swift in Sources */ = {isa = PBXBuildFile; fileRef = 72A5E84B2BA6EF6A00C57E7A /* DSButton.swift */; };
		72A5E8522BA6F39000C57E7A /* ButtonStyle.swift in Sources */ = {isa = PBXBuildFile; fileRef = 72A5E8512BA6F39000C57E7A /* ButtonStyle.swift */; };
		72ADB9B92BCE4CDA0043B97A /* DSTextField.swift in Sources */ = {isa = PBXBuildFile; fileRef = 72ADB9B82BCE4CDA0043B97A /* DSTextField.swift */; };
		72ADB9C02BCE740A0043B97A /* DSTextFieldType.swift in Sources */ = {isa = PBXBuildFile; fileRef = 72ADB9BF2BCE740A0043B97A /* DSTextFieldType.swift */; };
		72B200602BD78C6A00CC836B /* DSDialogType.swift in Sources */ = {isa = PBXBuildFile; fileRef = 72B2005F2BD78C6A00CC836B /* DSDialogType.swift */; };
		72B2006A2BDA379500CC836B /* DSConstants.swift in Sources */ = {isa = PBXBuildFile; fileRef = 72B200692BDA379500CC836B /* DSConstants.swift */; };
		72EA978B2BCD05EF00178C6A /* DSText.swift in Sources */ = {isa = PBXBuildFile; fileRef = 72EA978A2BCD05EF00178C6A /* DSText.swift */; };
		72EA978D2BCD083200178C6A /* DSTextType.swift in Sources */ = {isa = PBXBuildFile; fileRef = 72EA978C2BCD083200178C6A /* DSTextType.swift */; };
		72FE4CD22BC7937000F2F77D /* Extensions.swift in Sources */ = {isa = PBXBuildFile; fileRef = 72FE4CD12BC7937000F2F77D /* Extensions.swift */; };
		72FE4CD52BC7969100F2F77D /* DSColors.xcassets in Resources */ = {isa = PBXBuildFile; fileRef = 72FE4CD42BC7969100F2F77D /* DSColors.xcassets */; };
/* End PBXBuildFile section */

/* Begin PBXFileReference section */
		721842972BC8E525003F402E /* DSButtonType.swift */ = {isa = PBXFileReference; lastKnownFileType = sourcecode.swift; path = DSButtonType.swift; sourceTree = "<group>"; };
		7218429B2BCC2C37003F402E /* DSFont.swift */ = {isa = PBXFileReference; lastKnownFileType = sourcecode.swift; path = DSFont.swift; sourceTree = "<group>"; };
		721842C02BCCCD43003F402E /* DSIcons.xcassets */ = {isa = PBXFileReference; lastKnownFileType = folder.assetcatalog; path = DSIcons.xcassets; sourceTree = "<group>"; };
		721842C22BCCCD6F003F402E /* DSIcon.swift */ = {isa = PBXFileReference; lastKnownFileType = sourcecode.swift; path = DSIcon.swift; sourceTree = "<group>"; };
		72531AEB2BA6F713007654B7 /* DSButtonStyle.swift */ = {isa = PBXFileReference; lastKnownFileType = sourcecode.swift; path = DSButtonStyle.swift; sourceTree = "<group>"; };
		72766FA92BC6809D00F8290F /* DSColor.swift */ = {isa = PBXFileReference; lastKnownFileType = sourcecode.swift; path = DSColor.swift; sourceTree = "<group>"; };
		728E55A32BD789D800193806 /* DSDialog.swift */ = {isa = PBXFileReference; lastKnownFileType = sourcecode.swift; path = DSDialog.swift; sourceTree = "<group>"; };
		72A5E82A2BA6EEF000C57E7A /* UIComponents.framework */ = {isa = PBXFileReference; explicitFileType = wrapper.framework; includeInIndex = 0; path = UIComponents.framework; sourceTree = BUILT_PRODUCTS_DIR; };
		72A5E82D2BA6EEF000C57E7A /* UIComponents.h */ = {isa = PBXFileReference; lastKnownFileType = sourcecode.c.h; path = UIComponents.h; sourceTree = "<group>"; };
		72A5E84B2BA6EF6A00C57E7A /* DSButton.swift */ = {isa = PBXFileReference; lastKnownFileType = sourcecode.swift; path = DSButton.swift; sourceTree = "<group>"; };
		72A5E8512BA6F39000C57E7A /* ButtonStyle.swift */ = {isa = PBXFileReference; lastKnownFileType = sourcecode.swift; path = ButtonStyle.swift; sourceTree = "<group>"; };
		72ADB9B82BCE4CDA0043B97A /* DSTextField.swift */ = {isa = PBXFileReference; lastKnownFileType = sourcecode.swift; path = DSTextField.swift; sourceTree = "<group>"; };
		72ADB9BF2BCE740A0043B97A /* DSTextFieldType.swift */ = {isa = PBXFileReference; lastKnownFileType = sourcecode.swift; path = DSTextFieldType.swift; sourceTree = "<group>"; };
		72B2005F2BD78C6A00CC836B /* DSDialogType.swift */ = {isa = PBXFileReference; lastKnownFileType = sourcecode.swift; path = DSDialogType.swift; sourceTree = "<group>"; };
		72B200692BDA379500CC836B /* DSConstants.swift */ = {isa = PBXFileReference; lastKnownFileType = sourcecode.swift; path = DSConstants.swift; sourceTree = "<group>"; };
		72EA978A2BCD05EF00178C6A /* DSText.swift */ = {isa = PBXFileReference; lastKnownFileType = sourcecode.swift; path = DSText.swift; sourceTree = "<group>"; };
		72EA978C2BCD083200178C6A /* DSTextType.swift */ = {isa = PBXFileReference; lastKnownFileType = sourcecode.swift; path = DSTextType.swift; sourceTree = "<group>"; };
		72FE4CD12BC7937000F2F77D /* Extensions.swift */ = {isa = PBXFileReference; lastKnownFileType = sourcecode.swift; path = Extensions.swift; sourceTree = "<group>"; };
		72FE4CD42BC7969100F2F77D /* DSColors.xcassets */ = {isa = PBXFileReference; lastKnownFileType = folder.assetcatalog; path = DSColors.xcassets; sourceTree = "<group>"; };
/* End PBXFileReference section */

/* Begin PBXFrameworksBuildPhase section */
		72A5E8272BA6EEF000C57E7A /* Frameworks */ = {
			isa = PBXFrameworksBuildPhase;
			buildActionMask = 2147483647;
			files = (
			);
			runOnlyForDeploymentPostprocessing = 0;
		};
/* End PBXFrameworksBuildPhase section */

/* Begin PBXGroup section */
		728E55A22BD789C200193806 /* Dialog */ = {
			isa = PBXGroup;
			children = (
				72B2005E2BD78C5100CC836B /* DSDialogStyle */,
				728E55A32BD789D800193806 /* DSDialog.swift */,
			);
			path = Dialog;
			sourceTree = "<group>";
		};
		72A5E8202BA6EEF000C57E7A = {
			isa = PBXGroup;
			children = (
				72A5E82C2BA6EEF000C57E7A /* UIComponents */,
				72A5E82B2BA6EEF000C57E7A /* Products */,
			);
			sourceTree = "<group>";
		};
		72A5E82B2BA6EEF000C57E7A /* Products */ = {
			isa = PBXGroup;
			children = (
				72A5E82A2BA6EEF000C57E7A /* UIComponents.framework */,
			);
			name = Products;
			sourceTree = "<group>";
		};
		72A5E82C2BA6EEF000C57E7A /* UIComponents */ = {
			isa = PBXGroup;
			children = (
				72FE4CD12BC7937000F2F77D /* Extensions.swift */,
				72FCF4002BB87ED6002823D3 /* Components */,
				72FE4CD32BC795FE00F2F77D /* Resources */,
				72FCF3FF2BB87EB0002823D3 /* Styles */,
				72A5E82D2BA6EEF000C57E7A /* UIComponents.h */,
			);
			path = UIComponents;
			sourceTree = "<group>";
		};
		72A5E84D2BA6F09200C57E7A /* Button */ = {
			isa = PBXGroup;
			children = (
				72A5E84E2BA6F20B00C57E7A /* ButtonStyles */,
				72A5E84B2BA6EF6A00C57E7A /* DSButton.swift */,
			);
			path = Button;
			sourceTree = "<group>";
		};
		72A5E84E2BA6F20B00C57E7A /* ButtonStyles */ = {
			isa = PBXGroup;
			children = (
				721842972BC8E525003F402E /* DSButtonType.swift */,
				72531AEB2BA6F713007654B7 /* DSButtonStyle.swift */,
				72A5E8512BA6F39000C57E7A /* ButtonStyle.swift */,
			);
			path = ButtonStyles;
			sourceTree = "<group>";
		};
		72ADB9B72BCE4CBF0043B97A /* TextField */ = {
			isa = PBXGroup;
			children = (
				72ADB9BA2BCE4D450043B97A /* TextFieldStyle */,
				72ADB9B82BCE4CDA0043B97A /* DSTextField.swift */,
			);
			path = TextField;
			sourceTree = "<group>";
		};
		72ADB9BA2BCE4D450043B97A /* TextFieldStyle */ = {
			isa = PBXGroup;
			children = (
				72ADB9BF2BCE740A0043B97A /* DSTextFieldType.swift */,
			);
			path = TextFieldStyle;
			sourceTree = "<group>";
		};
		72B2005E2BD78C5100CC836B /* DSDialogStyle */ = {
			isa = PBXGroup;
			children = (
				72B2005F2BD78C6A00CC836B /* DSDialogType.swift */,
			);
			path = DSDialogStyle;
			sourceTree = "<group>";
		};
		72EA97892BCD05D300178C6A /* Text */ = {
			isa = PBXGroup;
			children = (
				72EA978E2BCD0FF000178C6A /* DSTextStype */,
				72EA978A2BCD05EF00178C6A /* DSText.swift */,
			);
			path = Text;
			sourceTree = "<group>";
		};
		72EA978E2BCD0FF000178C6A /* DSTextStype */ = {
			isa = PBXGroup;
			children = (
				72EA978C2BCD083200178C6A /* DSTextType.swift */,
			);
			path = DSTextStype;
			sourceTree = "<group>";
		};
		72FCF3FF2BB87EB0002823D3 /* Styles */ = {
			isa = PBXGroup;
			children = (
				72766FA92BC6809D00F8290F /* DSColor.swift */,
				7218429B2BCC2C37003F402E /* DSFont.swift */,
				721842C22BCCCD6F003F402E /* DSIcon.swift */,
				72B200692BDA379500CC836B /* DSConstants.swift */,
			);
			path = Styles;
			sourceTree = "<group>";
		};
		72FCF4002BB87ED6002823D3 /* Components */ = {
			isa = PBXGroup;
			children = (
				72A5E84D2BA6F09200C57E7A /* Button */,
				728E55A22BD789C200193806 /* Dialog */,
				72EA97892BCD05D300178C6A /* Text */,
				72ADB9B72BCE4CBF0043B97A /* TextField */,
			);
			path = Components;
			sourceTree = "<group>";
		};
		72FE4CD32BC795FE00F2F77D /* Resources */ = {
			isa = PBXGroup;
			children = (
				72FE4CD42BC7969100F2F77D /* DSColors.xcassets */,
				721842C02BCCCD43003F402E /* DSIcons.xcassets */,
			);
			path = Resources;
			sourceTree = "<group>";
		};
/* End PBXGroup section */

/* Begin PBXHeadersBuildPhase section */
		72A5E8252BA6EEF000C57E7A /* Headers */ = {
			isa = PBXHeadersBuildPhase;
			buildActionMask = 2147483647;
			files = (
				72A5E82E2BA6EEF000C57E7A /* UIComponents.h in Headers */,
			);
			runOnlyForDeploymentPostprocessing = 0;
		};
/* End PBXHeadersBuildPhase section */

/* Begin PBXNativeTarget section */
		72A5E8292BA6EEF000C57E7A /* UIComponents */ = {
			isa = PBXNativeTarget;
			buildConfigurationList = 72A5E8312BA6EEF000C57E7A /* Build configuration list for PBXNativeTarget "UIComponents" */;
			buildPhases = (
				72A5E8252BA6EEF000C57E7A /* Headers */,
				72A5E8262BA6EEF000C57E7A /* Sources */,
				72A5E8272BA6EEF000C57E7A /* Frameworks */,
				72A5E8282BA6EEF000C57E7A /* Resources */,
			);
			buildRules = (
			);
			dependencies = (
			);
			name = UIComponents;
			productName = UIComponents;
			productReference = 72A5E82A2BA6EEF000C57E7A /* UIComponents.framework */;
			productType = "com.apple.product-type.framework";
		};
/* End PBXNativeTarget section */

/* Begin PBXProject section */
		72A5E8212BA6EEF000C57E7A /* Project object */ = {
			isa = PBXProject;
			attributes = {
				BuildIndependentTargetsInParallel = 1;
				LastUpgradeCheck = 1530;
				TargetAttributes = {
					72A5E8292BA6EEF000C57E7A = {
						CreatedOnToolsVersion = 15.2;
						LastSwiftMigration = 1520;
					};
				};
			};
			buildConfigurationList = 72A5E8242BA6EEF000C57E7A /* Build configuration list for PBXProject "UIComponents" */;
			compatibilityVersion = "Xcode 14.0";
			developmentRegion = en;
			hasScannedForEncodings = 0;
			knownRegions = (
				en,
				Base,
			);
			mainGroup = 72A5E8202BA6EEF000C57E7A;
			productRefGroup = 72A5E82B2BA6EEF000C57E7A /* Products */;
			projectDirPath = "";
			projectRoot = "";
			targets = (
				72A5E8292BA6EEF000C57E7A /* UIComponents */,
			);
		};
/* End PBXProject section */

/* Begin PBXResourcesBuildPhase section */
		72A5E8282BA6EEF000C57E7A /* Resources */ = {
			isa = PBXResourcesBuildPhase;
			buildActionMask = 2147483647;
			files = (
				72FE4CD52BC7969100F2F77D /* DSColors.xcassets in Resources */,
				721842C12BCCCD43003F402E /* DSIcons.xcassets in Resources */,
			);
			runOnlyForDeploymentPostprocessing = 0;
		};
/* End PBXResourcesBuildPhase section */

/* Begin PBXSourcesBuildPhase section */
		72A5E8262BA6EEF000C57E7A /* Sources */ = {
			isa = PBXSourcesBuildPhase;
			buildActionMask = 2147483647;
			files = (
				72ADB9C02BCE740A0043B97A /* DSTextFieldType.swift in Sources */,
				72EA978B2BCD05EF00178C6A /* DSText.swift in Sources */,
				72531AEC2BA6F713007654B7 /* DSButtonStyle.swift in Sources */,
				72766FAA2BC6809D00F8290F /* DSColor.swift in Sources */,
				721842982BC8E525003F402E /* DSButtonType.swift in Sources */,
				72A5E8522BA6F39000C57E7A /* ButtonStyle.swift in Sources */,
				72B2006A2BDA379500CC836B /* DSConstants.swift in Sources */,
				72A5E84C2BA6EF6A00C57E7A /* DSButton.swift in Sources */,
				7218429C2BCC2C37003F402E /* DSFont.swift in Sources */,
				72EA978D2BCD083200178C6A /* DSTextType.swift in Sources */,
				72ADB9B92BCE4CDA0043B97A /* DSTextField.swift in Sources */,
				72B200602BD78C6A00CC836B /* DSDialogType.swift in Sources */,
				72FE4CD22BC7937000F2F77D /* Extensions.swift in Sources */,
				721842C32BCCCD6F003F402E /* DSIcon.swift in Sources */,
				728E55A42BD789D800193806 /* DSDialog.swift in Sources */,
			);
			runOnlyForDeploymentPostprocessing = 0;
		};
/* End PBXSourcesBuildPhase section */

/* Begin XCBuildConfiguration section */
		72A5E82F2BA6EEF000C57E7A /* Debug */ = {
			isa = XCBuildConfiguration;
			buildSettings = {
				ALWAYS_SEARCH_USER_PATHS = NO;
				ASSETCATALOG_COMPILER_GENERATE_SWIFT_ASSET_SYMBOL_EXTENSIONS = YES;
				CLANG_ANALYZER_NONNULL = YES;
				CLANG_ANALYZER_NUMBER_OBJECT_CONVERSION = YES_AGGRESSIVE;
				CLANG_CXX_LANGUAGE_STANDARD = "gnu++20";
				CLANG_ENABLE_MODULES = YES;
				CLANG_ENABLE_OBJC_ARC = YES;
				CLANG_ENABLE_OBJC_WEAK = YES;
				CLANG_WARN_BLOCK_CAPTURE_AUTORELEASING = YES;
				CLANG_WARN_BOOL_CONVERSION = YES;
				CLANG_WARN_COMMA = YES;
				CLANG_WARN_CONSTANT_CONVERSION = YES;
				CLANG_WARN_DEPRECATED_OBJC_IMPLEMENTATIONS = YES;
				CLANG_WARN_DIRECT_OBJC_ISA_USAGE = YES_ERROR;
				CLANG_WARN_DOCUMENTATION_COMMENTS = YES;
				CLANG_WARN_EMPTY_BODY = YES;
				CLANG_WARN_ENUM_CONVERSION = YES;
				CLANG_WARN_INFINITE_RECURSION = YES;
				CLANG_WARN_INT_CONVERSION = YES;
				CLANG_WARN_NON_LITERAL_NULL_CONVERSION = YES;
				CLANG_WARN_OBJC_IMPLICIT_RETAIN_SELF = YES;
				CLANG_WARN_OBJC_LITERAL_CONVERSION = YES;
				CLANG_WARN_OBJC_ROOT_CLASS = YES_ERROR;
				CLANG_WARN_QUOTED_INCLUDE_IN_FRAMEWORK_HEADER = YES;
				CLANG_WARN_RANGE_LOOP_ANALYSIS = YES;
				CLANG_WARN_STRICT_PROTOTYPES = YES;
				CLANG_WARN_SUSPICIOUS_MOVE = YES;
				CLANG_WARN_UNGUARDED_AVAILABILITY = YES_AGGRESSIVE;
				CLANG_WARN_UNREACHABLE_CODE = YES;
				CLANG_WARN__DUPLICATE_METHOD_MATCH = YES;
				COPY_PHASE_STRIP = NO;
				CURRENT_PROJECT_VERSION = 1;
				DEAD_CODE_STRIPPING = YES;
				DEBUG_INFORMATION_FORMAT = dwarf;
				ENABLE_STRICT_OBJC_MSGSEND = YES;
				ENABLE_TESTABILITY = YES;
				ENABLE_USER_SCRIPT_SANDBOXING = YES;
				GCC_C_LANGUAGE_STANDARD = gnu17;
				GCC_DYNAMIC_NO_PIC = NO;
				GCC_NO_COMMON_BLOCKS = YES;
				GCC_OPTIMIZATION_LEVEL = 0;
				GCC_PREPROCESSOR_DEFINITIONS = (
					"DEBUG=1",
					"$(inherited)",
				);
				GCC_WARN_64_TO_32_BIT_CONVERSION = YES;
				GCC_WARN_ABOUT_RETURN_TYPE = YES_ERROR;
				GCC_WARN_UNDECLARED_SELECTOR = YES;
				GCC_WARN_UNINITIALIZED_AUTOS = YES_AGGRESSIVE;
				GCC_WARN_UNUSED_FUNCTION = YES;
				GCC_WARN_UNUSED_VARIABLE = YES;
				LOCALIZATION_PREFERS_STRING_CATALOGS = YES;
				MTL_ENABLE_DEBUG_INFO = INCLUDE_SOURCE;
				MTL_FAST_MATH = YES;
				ONLY_ACTIVE_ARCH = YES;
				SWIFT_ACTIVE_COMPILATION_CONDITIONS = "DEBUG $(inherited)";
				SWIFT_OPTIMIZATION_LEVEL = "-Onone";
				VERSIONING_SYSTEM = "apple-generic";
				VERSION_INFO_PREFIX = "";
			};
			name = Debug;
		};
		72A5E8302BA6EEF000C57E7A /* Release */ = {
			isa = XCBuildConfiguration;
			buildSettings = {
				ALWAYS_SEARCH_USER_PATHS = NO;
				ASSETCATALOG_COMPILER_GENERATE_SWIFT_ASSET_SYMBOL_EXTENSIONS = YES;
				CLANG_ANALYZER_NONNULL = YES;
				CLANG_ANALYZER_NUMBER_OBJECT_CONVERSION = YES_AGGRESSIVE;
				CLANG_CXX_LANGUAGE_STANDARD = "gnu++20";
				CLANG_ENABLE_MODULES = YES;
				CLANG_ENABLE_OBJC_ARC = YES;
				CLANG_ENABLE_OBJC_WEAK = YES;
				CLANG_WARN_BLOCK_CAPTURE_AUTORELEASING = YES;
				CLANG_WARN_BOOL_CONVERSION = YES;
				CLANG_WARN_COMMA = YES;
				CLANG_WARN_CONSTANT_CONVERSION = YES;
				CLANG_WARN_DEPRECATED_OBJC_IMPLEMENTATIONS = YES;
				CLANG_WARN_DIRECT_OBJC_ISA_USAGE = YES_ERROR;
				CLANG_WARN_DOCUMENTATION_COMMENTS = YES;
				CLANG_WARN_EMPTY_BODY = YES;
				CLANG_WARN_ENUM_CONVERSION = YES;
				CLANG_WARN_INFINITE_RECURSION = YES;
				CLANG_WARN_INT_CONVERSION = YES;
				CLANG_WARN_NON_LITERAL_NULL_CONVERSION = YES;
				CLANG_WARN_OBJC_IMPLICIT_RETAIN_SELF = YES;
				CLANG_WARN_OBJC_LITERAL_CONVERSION = YES;
				CLANG_WARN_OBJC_ROOT_CLASS = YES_ERROR;
				CLANG_WARN_QUOTED_INCLUDE_IN_FRAMEWORK_HEADER = YES;
				CLANG_WARN_RANGE_LOOP_ANALYSIS = YES;
				CLANG_WARN_STRICT_PROTOTYPES = YES;
				CLANG_WARN_SUSPICIOUS_MOVE = YES;
				CLANG_WARN_UNGUARDED_AVAILABILITY = YES_AGGRESSIVE;
				CLANG_WARN_UNREACHABLE_CODE = YES;
				CLANG_WARN__DUPLICATE_METHOD_MATCH = YES;
				COPY_PHASE_STRIP = NO;
				CURRENT_PROJECT_VERSION = 1;
				DEAD_CODE_STRIPPING = YES;
				DEBUG_INFORMATION_FORMAT = "dwarf-with-dsym";
				ENABLE_NS_ASSERTIONS = NO;
				ENABLE_STRICT_OBJC_MSGSEND = YES;
				ENABLE_USER_SCRIPT_SANDBOXING = YES;
				GCC_C_LANGUAGE_STANDARD = gnu17;
				GCC_NO_COMMON_BLOCKS = YES;
				GCC_WARN_64_TO_32_BIT_CONVERSION = YES;
				GCC_WARN_ABOUT_RETURN_TYPE = YES_ERROR;
				GCC_WARN_UNDECLARED_SELECTOR = YES;
				GCC_WARN_UNINITIALIZED_AUTOS = YES_AGGRESSIVE;
				GCC_WARN_UNUSED_FUNCTION = YES;
				GCC_WARN_UNUSED_VARIABLE = YES;
				LOCALIZATION_PREFERS_STRING_CATALOGS = YES;
				MTL_ENABLE_DEBUG_INFO = NO;
				MTL_FAST_MATH = YES;
				SWIFT_COMPILATION_MODE = wholemodule;
				VERSIONING_SYSTEM = "apple-generic";
				VERSION_INFO_PREFIX = "";
			};
			name = Release;
		};
		72A5E8322BA6EEF000C57E7A /* Debug */ = {
			isa = XCBuildConfiguration;
			buildSettings = {
				CLANG_ENABLE_MODULES = YES;
				CODE_SIGN_IDENTITY = "";
				CODE_SIGN_STYLE = Automatic;
				CURRENT_PROJECT_VERSION = 1;
				DEAD_CODE_STRIPPING = YES;
				DEFINES_MODULE = YES;
				DEVELOPMENT_TEAM = L257DXJNY8;
				DYLIB_COMPATIBILITY_VERSION = 1;
				DYLIB_CURRENT_VERSION = 1;
				DYLIB_INSTALL_NAME_BASE = "@rpath";
				ENABLE_MODULE_VERIFIER = YES;
				GENERATE_INFOPLIST_FILE = YES;
				INFOPLIST_KEY_NSHumanReadableCopyright = "";
				INSTALL_PATH = "$(LOCAL_LIBRARY_DIR)/Frameworks";
				IPHONEOS_DEPLOYMENT_TARGET = 17.0;
				LD_RUNPATH_SEARCH_PATHS = (
					"@executable_path/Frameworks",
					"@loader_path/Frameworks",
				);
				"LD_RUNPATH_SEARCH_PATHS[sdk=macosx*]" = (
					"@executable_path/../Frameworks",
					"@loader_path/Frameworks",
				);
				MACOSX_DEPLOYMENT_TARGET = 14.0;
				MARKETING_VERSION = 1.0;
				MODULE_VERIFIER_SUPPORTED_LANGUAGES = "objective-c objective-c++";
				MODULE_VERIFIER_SUPPORTED_LANGUAGE_STANDARDS = "gnu17 gnu++20";
				PRODUCT_BUNDLE_IDENTIFIER = com.hieplee.UIComponents;
				PRODUCT_NAME = "$(TARGET_NAME:c99extidentifier)";
				SDKROOT = auto;
				SKIP_INSTALL = YES;
				SUPPORTED_PLATFORMS = "iphoneos iphonesimulator macosx";
				SWIFT_EMIT_LOC_STRINGS = YES;
				SWIFT_OPTIMIZATION_LEVEL = "-Onone";
				SWIFT_VERSION = 5.0;
				TARGETED_DEVICE_FAMILY = "1,2";
			};
			name = Debug;
		};
		72A5E8332BA6EEF000C57E7A /* Release */ = {
			isa = XCBuildConfiguration;
			buildSettings = {
				CLANG_ENABLE_MODULES = YES;
				CODE_SIGN_IDENTITY = "";
				CODE_SIGN_STYLE = Automatic;
				CURRENT_PROJECT_VERSION = 1;
				DEAD_CODE_STRIPPING = YES;
				DEFINES_MODULE = YES;
				DEVELOPMENT_TEAM = L257DXJNY8;
				DYLIB_COMPATIBILITY_VERSION = 1;
				DYLIB_CURRENT_VERSION = 1;
				DYLIB_INSTALL_NAME_BASE = "@rpath";
				ENABLE_MODULE_VERIFIER = YES;
				GENERATE_INFOPLIST_FILE = YES;
				INFOPLIST_KEY_NSHumanReadableCopyright = "";
				INSTALL_PATH = "$(LOCAL_LIBRARY_DIR)/Frameworks";
				IPHONEOS_DEPLOYMENT_TARGET = 17.0;
				LD_RUNPATH_SEARCH_PATHS = (
					"@executable_path/Frameworks",
					"@loader_path/Frameworks",
				);
				"LD_RUNPATH_SEARCH_PATHS[sdk=macosx*]" = (
					"@executable_path/../Frameworks",
					"@loader_path/Frameworks",
				);
				MACOSX_DEPLOYMENT_TARGET = 14.0;
				MARKETING_VERSION = 1.0;
				MODULE_VERIFIER_SUPPORTED_LANGUAGES = "objective-c objective-c++";
				MODULE_VERIFIER_SUPPORTED_LANGUAGE_STANDARDS = "gnu17 gnu++20";
				PRODUCT_BUNDLE_IDENTIFIER = com.hieplee.UIComponents;
				PRODUCT_NAME = "$(TARGET_NAME:c99extidentifier)";
				SDKROOT = auto;
				SKIP_INSTALL = YES;
				SUPPORTED_PLATFORMS = "iphoneos iphonesimulator macosx";
				SWIFT_EMIT_LOC_STRINGS = YES;
				SWIFT_VERSION = 5.0;
				TARGETED_DEVICE_FAMILY = "1,2";
			};
			name = Release;
		};
/* End XCBuildConfiguration section */

/* Begin XCConfigurationList section */
		72A5E8242BA6EEF000C57E7A /* Build configuration list for PBXProject "UIComponents" */ = {
			isa = XCConfigurationList;
			buildConfigurations = (
				72A5E82F2BA6EEF000C57E7A /* Debug */,
				72A5E8302BA6EEF000C57E7A /* Release */,
			);
			defaultConfigurationIsVisible = 0;
			defaultConfigurationName = Release;
		};
		72A5E8312BA6EEF000C57E7A /* Build configuration list for PBXNativeTarget "UIComponents" */ = {
			isa = XCConfigurationList;
			buildConfigurations = (
				72A5E8322BA6EEF000C57E7A /* Debug */,
				72A5E8332BA6EEF000C57E7A /* Release */,
			);
			defaultConfigurationIsVisible = 0;
			defaultConfigurationName = Release;
		};
/* End XCConfigurationList section */
	};
	rootObject = 72A5E8212BA6EEF000C57E7A /* Project object */;
}
